
Microsoft Visual Studio Solution File, Format Version 12.00
# Visual Studio 15
VisualStudioVersion = 15.0.28307.168
MinimumVisualStudioVersion = 10.0.40219.1
Project("{FAE04EC0-301F-11D3-BF4B-00C04F79EFBC}") = "ChatterWpf", "ChatterWpf\ChatterWpf.csproj", "{4A07D20F-166C-48B4-9CDF-30ECC5AC1CF8}"
EndProject
Global
	GlobalSection(SolutionConfigurationPlatforms) = preSolution
		Debug|Any CPU = Debug|Any CPU
		Release|Any CPU = Release|Any CPU
	EndGlobalSection
	GlobalSection(ProjectConfigurationPlatforms) = postSolution
		{4A07D20F-166C-48B4-9CDF-30ECC5AC1CF8}.Debug|Any CPU.ActiveCfg = Debug|Any CPU
		{4A07D20F-166C-48B4-9CDF-30ECC5AC1CF8}.Debug|Any CPU.Build.0 = Debug|Any CPU
		{4A07D20F-166C-48B4-9CDF-30ECC5AC1CF8}.Release|Any CPU.ActiveCfg = Release|Any CPU
		{4A07D20F-166C-48B4-9CDF-30ECC5AC1CF8}.Release|Any CPU.Build.0 = Release|Any CPU
	EndGlobalSection
	GlobalSection(SolutionProperties) = preSolution
		HideSolutionNode = FALSE
	EndGlobalSection
	GlobalSection(ExtensibilityGlobals) = postSolution
		SolutionGuid = {8D339A15-A951-49D9-A391-8B5E8F6F9FEF}
	EndGlobalSection
EndGlobal
