
Microsoft Visual Studio Solution File, Format Version 12.00
# Visual Studio 15
VisualStudioVersion = 15.0.26730.8
MinimumVisualStudioVersion = 10.0.40219.1
Project("{FAE04EC0-301F-11D3-BF4B-00C04F79EFBC}") = "PasswordUtils", "PasswordUtils\PasswordUtils.csproj", "{5CE58EDF-665D-4AD1-BA58-1972AF3CC33F}"
EndProject
Global
	GlobalSection(SolutionConfigurationPlatforms) = preSolution
		Debug|Any CPU = Debug|Any CPU
		Release|Any CPU = Release|Any CPU
	EndGlobalSection
	GlobalSection(ProjectConfigurationPlatforms) = postSolution
		{5CE58EDF-665D-4AD1-BA58-1972AF3CC33F}.Debug|Any CPU.ActiveCfg = Debug|Any CPU
		{5CE58EDF-665D-4AD1-BA58-1972AF3CC33F}.Debug|Any CPU.Build.0 = Debug|Any CPU
		{5CE58EDF-665D-4AD1-BA58-1972AF3CC33F}.Release|Any CPU.ActiveCfg = Release|Any CPU
		{5CE58EDF-665D-4AD1-BA58-1972AF3CC33F}.Release|Any CPU.Build.0 = Release|Any CPU
	EndGlobalSection
	GlobalSection(SolutionProperties) = preSolution
		HideSolutionNode = FALSE
	EndGlobalSection
	GlobalSection(ExtensibilityGlobals) = postSolution
		SolutionGuid = {FF423A38-908A-41A5-A821-AD30B74E76F8}
	EndGlobalSection
EndGlobal
